
Microsoft Visual Studio Solution File, Format Version 12.00
# Visual Studio Version 16
VisualStudioVersion = 16.0.30611.23
MinimumVisualStudioVersion = 10.0.40219.1
Project("{FAE04EC0-301F-11D3-BF4B-00C04F79EFBC}") = "Final Project", "Final Project\Final Project.csproj", "{8C0DBA2A-D8BE-4981-8EA4-CF99A6363EC3}"
EndProject
Global
	GlobalSection(SolutionConfigurationPlatforms) = preSolution
		Debug|Any CPU = Debug|Any CPU
		Release|Any CPU = Release|Any CPU
	EndGlobalSection
	GlobalSection(ProjectConfigurationPlatforms) = postSolution
		{8C0DBA2A-D8BE-4981-8EA4-CF99A6363EC3}.Debug|Any CPU.ActiveCfg = Debug|Any CPU
		{8C0DBA2A-D8BE-4981-8EA4-CF99A6363EC3}.Debug|Any CPU.Build.0 = Debug|Any CPU
		{8C0DBA2A-D8BE-4981-8EA4-CF99A6363EC3}.Release|Any CPU.ActiveCfg = Release|Any CPU
		{8C0DBA2A-D8BE-4981-8EA4-CF99A6363EC3}.Release|Any CPU.Build.0 = Release|Any CPU
	EndGlobalSection
	GlobalSection(SolutionProperties) = preSolution
		HideSolutionNode = FALSE
	EndGlobalSection
	GlobalSection(ExtensibilityGlobals) = postSolution
		SolutionGuid = {F3A29AAB-4BE8-411B-BD15-456BF989435F}
	EndGlobalSection
EndGlobal
