
Microsoft Visual Studio Solution File, Format Version 12.00
# Visual Studio Version 16
VisualStudioVersion = 16.0.30611.23
MinimumVisualStudioVersion = 10.0.40219.1
Project("{FAE04EC0-301F-11D3-BF4B-00C04F79EFBC}") = "Script Manager", "Script Manager\Script Manager.csproj", "{92BF28B6-C5EA-4D26-92E2-0983F524F3B9}"
EndProject
Global
	GlobalSection(SolutionConfigurationPlatforms) = preSolution
		Debug|Any CPU = Debug|Any CPU
		Release|Any CPU = Release|Any CPU
	EndGlobalSection
	GlobalSection(ProjectConfigurationPlatforms) = postSolution
		{92BF28B6-C5EA-4D26-92E2-0983F524F3B9}.Debug|Any CPU.ActiveCfg = Debug|Any CPU
		{92BF28B6-C5EA-4D26-92E2-0983F524F3B9}.Debug|Any CPU.Build.0 = Debug|Any CPU
		{92BF28B6-C5EA-4D26-92E2-0983F524F3B9}.Release|Any CPU.ActiveCfg = Release|Any CPU
		{92BF28B6-C5EA-4D26-92E2-0983F524F3B9}.Release|Any CPU.Build.0 = Release|Any CPU
	EndGlobalSection
	GlobalSection(SolutionProperties) = preSolution
		HideSolutionNode = FALSE
	EndGlobalSection
	GlobalSection(ExtensibilityGlobals) = postSolution
		SolutionGuid = {C67942C9-D917-4AE9-B38A-37D1F47A171E}
	EndGlobalSection
EndGlobal
